
Microsoft Visual Studio Solution File, Format Version 11.00
# Visual Studio 2010
Project("{FAE04EC0-301F-11D3-BF4B-00C04F79EFBC}") = "Assembly-CSharp", "Assembly-CSharp.csproj", "{ED3AAE27-FF44-5E24-AE3E-06459562F909}"
EndProject
Global
	GlobalSection(SolutionConfigurationPlatforms) = preSolution
		Debug|Any CPU = Debug|Any CPU
		Release|Any CPU = Release|Any CPU
	EndGlobalSection
	GlobalSection(ProjectConfigurationPlatforms) = postSolution
		{ED3AAE27-FF44-5E24-AE3E-06459562F909}.Debug|Any CPU.ActiveCfg = Debug|Any CPU
		{ED3AAE27-FF44-5E24-AE3E-06459562F909}.Debug|Any CPU.Build.0 = Debug|Any CPU
		{ED3AAE27-FF44-5E24-AE3E-06459562F909}.Release|Any CPU.ActiveCfg = Release|Any CPU
		{ED3AAE27-FF44-5E24-AE3E-06459562F909}.Release|Any CPU.Build.0 = Release|Any CPU
	EndGlobalSection
	GlobalSection(SolutionProperties) = preSolution
		HideSolutionNode = FALSE
	EndGlobalSection
EndGlobal
